// !$*UTF8*$!
{
	archiveVersion = 1;
	classes = {
	};
	objectVersion = 46;
	objects = {

/* Begin PBXBuildFile section */
		06B2521D14E7802B0066C1B3 /* main.c in Sources */ = {isa = PBXBuildFile; fileRef = 06B2521C14E7802B0066C1B3 /* main.c */; };
		06B2521F14E7802B0066C1B3 /* FSm.1 in CopyFiles */ = {isa = PBXBuildFile; fileRef = 06B2521E14E7802B0066C1B3 /* FSm.1 */; };
/* End PBXBuildFile section */

/* Begin PBXCopyFilesBuildPhase section */
		06B2521614E7802B0066C1B3 /* CopyFiles */ = {
			isa = PBXCopyFilesBuildPhase;
			buildActionMask = 2147483647;
			dstPath = /usr/share/man/man1/;
			dstSubfolderSpec = 0;
			files = (
				06B2521F14E7802B0066C1B3 /* FSm.1 in CopyFiles */,
			);
			runOnlyForDeploymentPostprocessing = 1;
		};
/* End PBXCopyFilesBuildPhase section */

/* Begin PBXFileReference section */
		06B2521814E7802B0066C1B3 /* FSm */ = {isa = PBXFileReference; explicitFileType = "compiled.mach-o.executable"; includeInIndex = 0; path = FSm; sourceTree = BUILT_PRODUCTS_DIR; };
		06B2521C14E7802B0066C1B3 /* main.c */ = {isa = PBXFileReference; lastKnownFileType = sourcecode.c.c; path = main.c; sourceTree = "<group>"; };
		06B2521E14E7802B0066C1B3 /* FSm.1 */ = {isa = PBXFileReference; lastKnownFileType = text.man; path = FSm.1; sourceTree = "<group>"; };
/* End PBXFileReference section */

/* Begin PBXFrameworksBuildPhase section */
		06B2521514E7802B0066C1B3 /* Frameworks */ = {
			isa = PBXFrameworksBuildPhase;
			buildActionMask = 2147483647;
			files = (
			);
			runOnlyForDeploymentPostprocessing = 0;
		};
/* End PBXFrameworksBuildPhase section */

/* Begin PBXGroup section */
		06B2520D14E7802B0066C1B3 = {
			isa = PBXGroup;
			children = (
				06B2521B14E7802B0066C1B3 /* FSm */,
				06B2521914E7802B0066C1B3 /* Products */,
			);
			sourceTree = "<group>";
		};
		06B2521914E7802B0066C1B3 /* Products */ = {
			isa = PBXGroup;
			children = (
				06B2521814E7802B0066C1B3 /* FSm */,
			);
			name = Products;
			sourceTree = "<group>";
		};
		06B2521B14E7802B0066C1B3 /* FSm */ = {
			isa = PBXGroup;
			children = (
				06B2521C14E7802B0066C1B3 /* main.c */,
				06B2521E14E7802B0066C1B3 /* FSm.1 */,
			);
			path = FSm;
			sourceTree = "<group>";
		};
/* End PBXGroup section */

/* Begin PBXNativeTarget section */
		06B2521714E7802B0066C1B3 /* FSm */ = {
			isa = PBXNativeTarget;
			buildConfigurationList = 06B2522214E7802B0066C1B3 /* Build configuration list for PBXNativeTarget "FSm" */;
			buildPhases = (
				06B2521414E7802B0066C1B3 /* Sources */,
				06B2521514E7802B0066C1B3 /* Frameworks */,
				06B2521614E7802B0066C1B3 /* CopyFiles */,
			);
			buildRules = (
			);
			dependencies = (
			);
			name = FSm;
			productName = FSm;
			productReference = 06B2521814E7802B0066C1B3 /* FSm */;
			productType = "com.apple.product-type.tool";
		};
/* End PBXNativeTarget section */

/* Begin PBXProject section */
		06B2520F14E7802B0066C1B3 /* Project object */ = {
			isa = PBXProject;
			attributes = {
				LastUpgradeCheck = 0420;
			};
			buildConfigurationList = 06B2521214E7802B0066C1B3 /* Build configuration list for PBXProject "FSm" */;
			compatibilityVersion = "Xcode 3.2";
			developmentRegion = English;
			hasScannedForEncodings = 0;
			knownRegions = (
				en,
			);
			mainGroup = 06B2520D14E7802B0066C1B3;
			productRefGroup = 06B2521914E7802B0066C1B3 /* Products */;
			projectDirPath = "";
			projectRoot = "";
			targets = (
				06B2521714E7802B0066C1B3 /* FSm */,
			);
		};
/* End PBXProject section */

/* Begin PBXSourcesBuildPhase section */
		06B2521414E7802B0066C1B3 /* Sources */ = {
			isa = PBXSourcesBuildPhase;
			buildActionMask = 2147483647;
			files = (
				06B2521D14E7802B0066C1B3 /* main.c in Sources */,
			);
			runOnlyForDeploymentPostprocessing = 0;
		};
/* End PBXSourcesBuildPhase section */

/* Begin XCBuildConfiguration section */
		06B2522014E7802B0066C1B3 /* Debug */ = {
			isa = XCBuildConfiguration;
			buildSettings = {
				ALWAYS_SEARCH_USER_PATHS = NO;
				ARCHS = "$(ARCHS_STANDARD_64_BIT)";
				CLANG_ENABLE_OBJC_ARC = YES;
				COPY_PHASE_STRIP = NO;
				GCC_C_LANGUAGE_STANDARD = gnu99;
				GCC_DYNAMIC_NO_PIC = NO;
				GCC_ENABLE_OBJC_EXCEPTIONS = YES;
				GCC_OPTIMIZATION_LEVEL = 0;
				GCC_PREPROCESSOR_DEFINITIONS = (
					"DEBUG=1",
					"$(inherited)",
				);
				GCC_SYMBOLS_PRIVATE_EXTERN = NO;
				GCC_VERSION = com.apple.compilers.llvm.clang.1_0;
				GCC_WARN_64_TO_32_BIT_CONVERSION = YES;
				GCC_WARN_ABOUT_MISSING_PROTOTYPES = YES;
				GCC_WARN_ABOUT_RETURN_TYPE = YES;
				GCC_WARN_UNUSED_VARIABLE = YES;
				MACOSX_DEPLOYMENT_TARGET = 10.7;
				ONLY_ACTIVE_ARCH = YES;
				SDKROOT = macosx;
			};
			name = Debug;
		};
		06B2522114E7802B0066C1B3 /* Release */ = {
			isa = XCBuildConfiguration;
			buildSettings = {
				ALWAYS_SEARCH_USER_PATHS = NO;
				ARCHS = "$(ARCHS_STANDARD_64_BIT)";
				CLANG_ENABLE_OBJC_ARC = YES;
				COPY_PHASE_STRIP = YES;
				DEBUG_INFORMATION_FORMAT = "dwarf-with-dsym";
				GCC_C_LANGUAGE_STANDARD = gnu99;
				GCC_ENABLE_OBJC_EXCEPTIONS = YES;
				GCC_VERSION = com.apple.compilers.llvm.clang.1_0;
				GCC_WARN_64_TO_32_BIT_CONVERSION = YES;
				GCC_WARN_ABOUT_MISSING_PROTOTYPES = YES;
				GCC_WARN_ABOUT_RETURN_TYPE = YES;
				GCC_WARN_UNUSED_VARIABLE = YES;
				MACOSX_DEPLOYMENT_TARGET = 10.7;
				SDKROOT = macosx;
			};
			name = Release;
		};
		06B2522314E7802B0066C1B3 /* Debug */ = {
			isa = XCBuildConfiguration;
			buildSettings = {
				PRODUCT_NAME = "$(TARGET_NAME)";
			};
			name = Debug;
		};
		06B2522414E7802B0066C1B3 /* Release */ = {
			isa = XCBuildConfiguration;
			buildSettings = {
				PRODUCT_NAME = "$(TARGET_NAME)";
			};
			name = Release;
		};
/* End XCBuildConfiguration section */

/* Begin XCConfigurationList section */
		06B2521214E7802B0066C1B3 /* Build configuration list for PBXProject "FSm" */ = {
			isa = XCConfigurationList;
			buildConfigurations = (
				06B2522014E7802B0066C1B3 /* Debug */,
				06B2522114E7802B0066C1B3 /* Release */,
			);
			defaultConfigurationIsVisible = 0;
			defaultConfigurationName = Release;
		};
		06B2522214E7802B0066C1B3 /* Build configuration list for PBXNativeTarget "FSm" */ = {
			isa = XCConfigurationList;
			buildConfigurations = (
				06B2522314E7802B0066C1B3 /* Debug */,
				06B2522414E7802B0066C1B3 /* Release */,
			);
			defaultConfigurationIsVisible = 0;
		};
/* End XCConfigurationList section */
	};
	rootObject = 06B2520F14E7802B0066C1B3 /* Project object */;
}
